{
  "version": "4",
  "specifiers": {
    "npm:nodejs-polars@0.17": "0.17.0"
  },
  "npm": {
    "nodejs-polars-android-arm64@0.17.0": {
      "integrity": "sha512-YwuZWVp+A8COLQ8ocxEdiqsD+3RbtBt5aT78Qq2sAQaV4dFJn7Y9aBsLDE6QuLPtP5qyb3vgk4cUk/aZKdnVLQ=="
    },
    "nodejs-polars-darwin-arm64@0.17.0": {
      "integrity": "sha512-zVMpq2nHRT3/dY1a+IkGb88Q+aNg0C4kbWR8XKm+0yoRWp8L9/6+TDdt6UytaMq/EldjNRyNw8pDf6UgRWHKGg=="
    },
    "nodejs-polars-darwin-x64@0.17.0": {
      "integrity": "sha512-UG6Aa5sfRmT2ipMa5GONLkCnGwOU5to0SqKeIt2y/TgO2wQqfbdnZYkjD1Tic8nTPJaVX046uxX7wM5vAruftw=="
    },
    "nodejs-polars-linux-arm64-gnu@0.17.0": {
      "integrity": "sha512-xFmXCgVHAob0VAf07AurLudpWlqlnH8KdYh6dlgeKBd6isanryDUhjU00jSZ54devL9xpZbEGyPw6WIu1KcBfQ=="
    },
    "nodejs-polars-linux-arm64-musl@0.17.0": {
      "integrity": "sha512-9faEi/rKaszjSZz9LNrcaCh5VNaeQeS2yONL4bw/yfWIaTfCWfQaEBrD5widBPpQbAASwSVW7UcQglYUw1+KvQ=="
    },
    "nodejs-polars-linux-x64-gnu@0.17.0": {
      "integrity": "sha512-nmHaEFqLUdD7Wyai9o2YiVR2V0/V9aYnNNTJquEQ8SF+VLlb53yzDyY3YwU8VEab/3ICWJ7zK9Y+av0P3uT6KA=="
    },
    "nodejs-polars-linux-x64-musl@0.17.0": {
      "integrity": "sha512-qPt/NmevKva/JAanuqBV3ewWNog9LcX0gO+8iG32l1nxgyxrCjt6eFo5FumID20boF77pxigNT9qAqKLrBFaoA=="
    },
    "nodejs-polars-win32-x64-msvc@0.17.0": {
      "integrity": "sha512-EGocBfOlZHh8PceV6eHUGea2YPPJ2Kj78yokA7siRiFv8EN31b5ZMPEDQI2CNXbfAEoBRr/XpdC2gra3wQmBIA=="
    },
    "nodejs-polars@0.17.0": {
      "integrity": "sha512-B+grFa8yj5wuLk9IvGe0Z84jvJzq/jC8JRoXJS0/sWDgND07IQuzywf3qINVvINL9OrbrmGKVKvGLC4vdtFnog==",
      "dependencies": [
        "nodejs-polars-android-arm64",
        "nodejs-polars-darwin-arm64",
        "nodejs-polars-darwin-x64",
        "nodejs-polars-linux-arm64-gnu",
        "nodejs-polars-linux-arm64-musl",
        "nodejs-polars-linux-x64-gnu",
        "nodejs-polars-linux-x64-musl",
        "nodejs-polars-win32-x64-msvc"
      ]
    }
  },
  "workspace": {
    "dependencies": [
      "npm:nodejs-polars@0.17"
    ]
  }
}
